{
  "name": "clover-ocr-runtime",
  "version": "1.0.0",
  "lockfileVersion": 3,
  "requires": true,
  "packages": {
    "": {
      "name": "clover-ocr-runtime",
      "version": "1.0.0",
      "dependencies": {
        "@alibaba-group/open-code-review": "1.9.8"
      }
    },
    "node_modules/@alibaba-group/ocr-darwin-arm64": {
      "version": "1.9.8",
      "resolved": "https://registry.npmjs.org/@alibaba-group/ocr-darwin-arm64/-/ocr-darwin-arm64-1.9.8.tgz",
      "integrity": "sha512-tKoeRw8bGj29QXTa788KiyXTzPYPATq9wSozMm/QtlRPitSST+yq82aBqjlpIKepOR079zpJeu+U9PfTJWAbWQ==",
      "cpu": [
        "arm64"
      ],
      "license": "Apache-2.0",
      "optional": true,
      "os": [
        "darwin"
      ]
    },
    "node_modules/@alibaba-group/ocr-darwin-x64": {
      "version": "1.9.8",
      "resolved": "https://registry.npmjs.org/@alibaba-group/ocr-darwin-x64/-/ocr-darwin-x64-1.9.8.tgz",
      "integrity": "sha512-nQypw+jXp3QP3880sB1u94fudhNQxAidDuaSUwqvcYGO024YSKb6WrnZhwfIixStgK29omaD5MFOPfQ5qwLuIg==",
      "cpu": [
        "x64"
      ],
      "license": "Apache-2.0",
      "optional": true,
      "os": [
        "darwin"
      ]
    },
    "node_modules/@alibaba-group/ocr-linux-arm64": {
      "version": "1.9.8",
      "resolved": "https://registry.npmjs.org/@alibaba-group/ocr-linux-arm64/-/ocr-linux-arm64-1.9.8.tgz",
      "integrity": "sha512-nQ4mjkZ9FnZT9bYjRs4MbV4/dVSWi1Ga6U3oOSfVv1BWhp7KLlc5GGEg+iwynIN5SPSsBzx3R06pfBC4cvFF4Q==",
      "cpu": [
        "arm64"
      ],
      "license": "Apache-2.0",
      "optional": true,
      "os": [
        "linux"
      ]
    },
    "node_modules/@alibaba-group/ocr-linux-x64": {
      "version": "1.9.8",
      "resolved": "https://registry.npmjs.org/@alibaba-group/ocr-linux-x64/-/ocr-linux-x64-1.9.8.tgz",
      "integrity": "sha512-aJJigGAzuCU71qR7H44VaDv4BKxnintuX2WANG4BV0FOJGbbhhI5lqNfUnXFufFo+gQHrgD8RCeoqSjqDcdOxw==",
      "cpu": [
        "x64"
      ],
      "license": "Apache-2.0",
      "optional": true,
      "os": [
        "linux"
      ]
    },
    "node_modules/@alibaba-group/ocr-win32-arm64": {
      "version": "1.9.8",
      "resolved": "https://registry.npmjs.org/@alibaba-group/ocr-win32-arm64/-/ocr-win32-arm64-1.9.8.tgz",
      "integrity": "sha512-Q67ytOg2i0Xg8Wzc4U1/PgYPTPdK8UkEqF4H5AEUzfDx753KEyMFlHbjiKioJPFWbp/5iru0gbVV+sAFyfPlpw==",
      "cpu": [
        "arm64"
      ],
      "license": "Apache-2.0",
      "optional": true,
      "os": [
        "win32"
      ]
    },
    "node_modules/@alibaba-group/ocr-win32-x64": {
      "version": "1.9.8",
      "resolved": "https://registry.npmjs.org/@alibaba-group/ocr-win32-x64/-/ocr-win32-x64-1.9.8.tgz",
      "integrity": "sha512-iv4GzTg/6vMu8Al8JZGtJzwl1kiQRpSIYDcywZ7Jrk6PHAW3fqx6npNnxYmCu1f4TcdK8Uma3t+zm2QrEMF/GQ==",
      "cpu": [
        "x64"
      ],
      "license": "Apache-2.0",
      "optional": true,
      "os": [
        "win32"
      ]
    },
    "node_modules/@alibaba-group/open-code-review": {
      "version": "1.9.8",
      "resolved": "https://registry.npmjs.org/@alibaba-group/open-code-review/-/open-code-review-1.9.8.tgz",
      "integrity": "sha512-eW/lO7a36hiYOmbGT+AW6BeeWgI3TnmL0Ua0OEeTHNUVmsqlRIawBHgsSMmzIEN99JmTtwV33TnpSg1piMY05Q==",
      "hasInstallScript": true,
      "license": "Apache-2.0",
      "bin": {
        "ocr": "bin/ocr.js"
      },
      "engines": {
        "node": ">=14"
      },
      "optionalDependencies": {
        "@alibaba-group/ocr-darwin-arm64": "1.9.8",
        "@alibaba-group/ocr-darwin-x64": "1.9.8",
        "@alibaba-group/ocr-linux-arm64": "1.9.8",
        "@alibaba-group/ocr-linux-x64": "1.9.8",
        "@alibaba-group/ocr-win32-arm64": "1.9.8",
        "@alibaba-group/ocr-win32-x64": "1.9.8"
      }
    }
  }
}
